
Microsoft Visual Studio Solution File, Format Version 12.00
# Visual Studio Version 16
VisualStudioVersion = 16.0.28729.10
MinimumVisualStudioVersion = 10.0.40219.1
Project("{FAE04EC0-301F-11D3-BF4B-00C04F79EFBC}") = "AdalForDotnetWpfSample.Core", "AdalForDotnetWpfSample\AdalForDotnetWpfSample.Core.csproj", "{BE292AA5-576A-47C9-B130-1C894F4073A8}"
EndProject
Project("{FAE04EC0-301F-11D3-BF4B-00C04F79EFBC}") = "AdalForDotnetWpfSample.NETFramework", "AdalForDotnetWpfSample.NETFramework\AdalForDotnetWpfSample.NETFramework.csproj", "{D7CDADC3-45BD-4FE7-B190-4A5B5F2F48B9}"
EndProject
Global
	GlobalSection(SolutionConfigurationPlatforms) = preSolution
		Debug|Any CPU = Debug|Any CPU
		Release|Any CPU = Release|Any CPU
	EndGlobalSection
	GlobalSection(ProjectConfigurationPlatforms) = postSolution
		{BE292AA5-576A-47C9-B130-1C894F4073A8}.Debug|Any CPU.ActiveCfg = Debug|Any CPU
		{BE292AA5-576A-47C9-B130-1C894F4073A8}.Debug|Any CPU.Build.0 = Debug|Any CPU
		{BE292AA5-576A-47C9-B130-1C894F4073A8}.Release|Any CPU.ActiveCfg = Release|Any CPU
		{BE292AA5-576A-47C9-B130-1C894F4073A8}.Release|Any CPU.Build.0 = Release|Any CPU
		{D7CDADC3-45BD-4FE7-B190-4A5B5F2F48B9}.Debug|Any CPU.ActiveCfg = Debug|Any CPU
		{D7CDADC3-45BD-4FE7-B190-4A5B5F2F48B9}.Debug|Any CPU.Build.0 = Debug|Any CPU
		{D7CDADC3-45BD-4FE7-B190-4A5B5F2F48B9}.Release|Any CPU.ActiveCfg = Release|Any CPU
		{D7CDADC3-45BD-4FE7-B190-4A5B5F2F48B9}.Release|Any CPU.Build.0 = Release|Any CPU
	EndGlobalSection
	GlobalSection(SolutionProperties) = preSolution
		HideSolutionNode = FALSE
	EndGlobalSection
	GlobalSection(ExtensibilityGlobals) = postSolution
		SolutionGuid = {77AA2D60-3FC6-4C07-ADFC-63E33B0B6CDC}
	EndGlobalSection
EndGlobal
